// !$*UTF8*$!
{
	archiveVersion = 1;
	classes = {
	};
	objectVersion = 55;
	objects = {

/* Begin PBXBuildFile section */
		172F67CA2822F182008D72C6 /* AppDelegate.swift in Sources */ = {isa = PBXBuildFile; fileRef = 172F67C92822F182008D72C6 /* AppDelegate.swift */; };
		172F67CC2822F182008D72C6 /* SceneDelegate.swift in Sources */ = {isa = PBXBuildFile; fileRef = 172F67CB2822F182008D72C6 /* SceneDelegate.swift */; };
		172F67CE2822F182008D72C6 /* ImageSelectionViewController.swift in Sources */ = {isa = PBXBuildFile; fileRef = 172F67CD2822F182008D72C6 /* ImageSelectionViewController.swift */; };
		172F67D12822F182008D72C6 /* Main.storyboard in Resources */ = {isa = PBXBuildFile; fileRef = 172F67CF2822F182008D72C6 /* Main.storyboard */; };
		172F67D32822F185008D72C6 /* Assets.xcassets in Resources */ = {isa = PBXBuildFile; fileRef = 172F67D22822F185008D72C6 /* Assets.xcassets */; };
		172F67D62822F185008D72C6 /* LaunchScreen.storyboard in Resources */ = {isa = PBXBuildFile; fileRef = 172F67D42822F185008D72C6 /* LaunchScreen.storyboard */; };
		174EB4AF2833FE870024E807 /* Enumerations.swift in Sources */ = {isa = PBXBuildFile; fileRef = 174EB4AE2833FE870024E807 /* Enumerations.swift */; };
		1753DA762829940800F8A7BD /* ResultViewController.swift in Sources */ = {isa = PBXBuildFile; fileRef = 1753DA752829940800F8A7BD /* ResultViewController.swift */; };
		177A1C1B282C2185002EBB7C /* ImageManager.swift in Sources */ = {isa = PBXBuildFile; fileRef = 177A1C1A282C2185002EBB7C /* ImageManager.swift */; };
		177A1C1D282C23C1002EBB7C /* Constants.swift in Sources */ = {isa = PBXBuildFile; fileRef = 177A1C1C282C23C1002EBB7C /* Constants.swift */; };
		177A1C21282C71D5002EBB7C /* DataProcessing.swift in Sources */ = {isa = PBXBuildFile; fileRef = 177A1C20282C71D5002EBB7C /* DataProcessing.swift */; };
/* End PBXBuildFile section */

/* Begin PBXFileReference section */
		172F67C62822F182008D72C6 /* Final Qualifying Work.app */ = {isa = PBXFileReference; explicitFileType = wrapper.application; includeInIndex = 0; path = "Final Qualifying Work.app"; sourceTree = BUILT_PRODUCTS_DIR; };
		172F67C92822F182008D72C6 /* AppDelegate.swift */ = {isa = PBXFileReference; lastKnownFileType = sourcecode.swift; path = AppDelegate.swift; sourceTree = "<group>"; };
		172F67CB2822F182008D72C6 /* SceneDelegate.swift */ = {isa = PBXFileReference; lastKnownFileType = sourcecode.swift; path = SceneDelegate.swift; sourceTree = "<group>"; };
		172F67CD2822F182008D72C6 /* ImageSelectionViewController.swift */ = {isa = PBXFileReference; lastKnownFileType = sourcecode.swift; path = ImageSelectionViewController.swift; sourceTree = "<group>"; };
		172F67D02822F182008D72C6 /* Base */ = {isa = PBXFileReference; lastKnownFileType = file.storyboard; name = Base; path = Base.lproj/Main.storyboard; sourceTree = "<group>"; };
		172F67D22822F185008D72C6 /* Assets.xcassets */ = {isa = PBXFileReference; lastKnownFileType = folder.assetcatalog; path = Assets.xcassets; sourceTree = "<group>"; };
		172F67D52822F185008D72C6 /* Base */ = {isa = PBXFileReference; lastKnownFileType = file.storyboard; name = Base; path = Base.lproj/LaunchScreen.storyboard; sourceTree = "<group>"; };
		172F67D72822F185008D72C6 /* Info.plist */ = {isa = PBXFileReference; lastKnownFileType = text.plist.xml; path = Info.plist; sourceTree = "<group>"; };
		174EB4AE2833FE870024E807 /* Enumerations.swift */ = {isa = PBXFileReference; lastKnownFileType = sourcecode.swift; path = Enumerations.swift; sourceTree = "<group>"; };
		1753DA752829940800F8A7BD /* ResultViewController.swift */ = {isa = PBXFileReference; lastKnownFileType = sourcecode.swift; path = ResultViewController.swift; sourceTree = "<group>"; tabWidth = 4; };
		177A1C1A282C2185002EBB7C /* ImageManager.swift */ = {isa = PBXFileReference; lastKnownFileType = sourcecode.swift; path = ImageManager.swift; sourceTree = "<group>"; };
		177A1C1C282C23C1002EBB7C /* Constants.swift */ = {isa = PBXFileReference; lastKnownFileType = sourcecode.swift; path = Constants.swift; sourceTree = "<group>"; };
		177A1C20282C71D5002EBB7C /* DataProcessing.swift */ = {isa = PBXFileReference; lastKnownFileType = sourcecode.swift; path = DataProcessing.swift; sourceTree = "<group>"; };
/* End PBXFileReference section */

/* Begin PBXFrameworksBuildPhase section */
		172F67C32822F182008D72C6 /* Frameworks */ = {
			isa = PBXFrameworksBuildPhase;
			buildActionMask = 2147483647;
			files = (
			);
			runOnlyForDeploymentPostprocessing = 0;
		};
/* End PBXFrameworksBuildPhase section */

/* Begin PBXGroup section */
		172F67BD2822F182008D72C6 = {
			isa = PBXGroup;
			children = (
				172F67C82822F182008D72C6 /* Final Qualifying Work */,
				172F67C72822F182008D72C6 /* Products */,
			);
			sourceTree = "<group>";
		};
		172F67C72822F182008D72C6 /* Products */ = {
			isa = PBXGroup;
			children = (
				172F67C62822F182008D72C6 /* Final Qualifying Work.app */,
			);
			name = Products;
			sourceTree = "<group>";
		};
		172F67C82822F182008D72C6 /* Final Qualifying Work */ = {
			isa = PBXGroup;
			children = (
				172F67C92822F182008D72C6 /* AppDelegate.swift */,
				172F67CB2822F182008D72C6 /* SceneDelegate.swift */,
				1753DA742829715C00F8A7BD /* Model */,
				1753DA732829714700F8A7BD /* View */,
				1753DA722829713D00F8A7BD /* Controller */,
				172F67D22822F185008D72C6 /* Assets.xcassets */,
				172F67D42822F185008D72C6 /* LaunchScreen.storyboard */,
				172F67D72822F185008D72C6 /* Info.plist */,
			);
			path = "Final Qualifying Work";
			sourceTree = "<group>";
		};
		1753DA722829713D00F8A7BD /* Controller */ = {
			isa = PBXGroup;
			children = (
				172F67CD2822F182008D72C6 /* ImageSelectionViewController.swift */,
				1753DA752829940800F8A7BD /* ResultViewController.swift */,
			);
			path = Controller;
			sourceTree = "<group>";
		};
		1753DA732829714700F8A7BD /* View */ = {
			isa = PBXGroup;
			children = (
				172F67CF2822F182008D72C6 /* Main.storyboard */,
			);
			path = View;
			sourceTree = "<group>";
		};
		1753DA742829715C00F8A7BD /* Model */ = {
			isa = PBXGroup;
			children = (
				177A1C20282C71D5002EBB7C /* DataProcessing.swift */,
				177A1C1A282C2185002EBB7C /* ImageManager.swift */,
				177A1C1C282C23C1002EBB7C /* Constants.swift */,
				174EB4AE2833FE870024E807 /* Enumerations.swift */,
			);
			path = Model;
			sourceTree = "<group>";
		};
/* End PBXGroup section */

/* Begin PBXNativeTarget section */
		172F67C52822F182008D72C6 /* Final Qualifying Work */ = {
			isa = PBXNativeTarget;
			buildConfigurationList = 172F67DA2822F185008D72C6 /* Build configuration list for PBXNativeTarget "Final Qualifying Work" */;
			buildPhases = (
				172F67C22822F182008D72C6 /* Sources */,
				172F67C32822F182008D72C6 /* Frameworks */,
				172F67C42822F182008D72C6 /* Resources */,
			);
			buildRules = (
			);
			dependencies = (
			);
			name = "Final Qualifying Work";
			productName = "Final Qualifying Work";
			productReference = 172F67C62822F182008D72C6 /* Final Qualifying Work.app */;
			productType = "com.apple.product-type.application";
		};
/* End PBXNativeTarget section */

/* Begin PBXProject section */
		172F67BE2822F182008D72C6 /* Project object */ = {
			isa = PBXProject;
			attributes = {
				BuildIndependentTargetsInParallel = 1;
				LastSwiftUpdateCheck = 1330;
				LastUpgradeCheck = 1330;
				TargetAttributes = {
					172F67C52822F182008D72C6 = {
						CreatedOnToolsVersion = 13.3.1;
					};
				};
			};
			buildConfigurationList = 172F67C12822F182008D72C6 /* Build configuration list for PBXProject "Final Qualifying Work" */;
			compatibilityVersion = "Xcode 13.0";
			developmentRegion = en;
			hasScannedForEncodings = 0;
			knownRegions = (
				en,
				Base,
			);
			mainGroup = 172F67BD2822F182008D72C6;
			productRefGroup = 172F67C72822F182008D72C6 /* Products */;
			projectDirPath = "";
			projectRoot = "";
			targets = (
				172F67C52822F182008D72C6 /* Final Qualifying Work */,
			);
		};
/* End PBXProject section */

/* Begin PBXResourcesBuildPhase section */
		172F67C42822F182008D72C6 /* Resources */ = {
			isa = PBXResourcesBuildPhase;
			buildActionMask = 2147483647;
			files = (
				172F67D62822F185008D72C6 /* LaunchScreen.storyboard in Resources */,
				172F67D32822F185008D72C6 /* Assets.xcassets in Resources */,
				172F67D12822F182008D72C6 /* Main.storyboard in Resources */,
			);
			runOnlyForDeploymentPostprocessing = 0;
		};
/* End PBXResourcesBuildPhase section */

/* Begin PBXSourcesBuildPhase section */
		172F67C22822F182008D72C6 /* Sources */ = {
			isa = PBXSourcesBuildPhase;
			buildActionMask = 2147483647;
			files = (
				172F67CE2822F182008D72C6 /* ImageSelectionViewController.swift in Sources */,
				177A1C1B282C2185002EBB7C /* ImageManager.swift in Sources */,
				172F67CA2822F182008D72C6 /* AppDelegate.swift in Sources */,
				172F67CC2822F182008D72C6 /* SceneDelegate.swift in Sources */,
				177A1C21282C71D5002EBB7C /* DataProcessing.swift in Sources */,
				1753DA762829940800F8A7BD /* ResultViewController.swift in Sources */,
				177A1C1D282C23C1002EBB7C /* Constants.swift in Sources */,
				174EB4AF2833FE870024E807 /* Enumerations.swift in Sources */,
			);
			runOnlyForDeploymentPostprocessing = 0;
		};
/* End PBXSourcesBuildPhase section */

/* Begin PBXVariantGroup section */
		172F67CF2822F182008D72C6 /* Main.storyboard */ = {
			isa = PBXVariantGroup;
			children = (
				172F67D02822F182008D72C6 /* Base */,
			);
			name = Main.storyboard;
			sourceTree = "<group>";
		};
		172F67D42822F185008D72C6 /* LaunchScreen.storyboard */ = {
			isa = PBXVariantGroup;
			children = (
				172F67D52822F185008D72C6 /* Base */,
			);
			name = LaunchScreen.storyboard;
			sourceTree = "<group>";
		};
/* End PBXVariantGroup section */

/* Begin XCBuildConfiguration section */
		172F67D82822F185008D72C6 /* Debug */ = {
			isa = XCBuildConfiguration;
			buildSettings = {
				ALWAYS_SEARCH_USER_PATHS = NO;
				CLANG_ANALYZER_NONNULL = YES;
				CLANG_ANALYZER_NUMBER_OBJECT_CONVERSION = YES_AGGRESSIVE;
				CLANG_CXX_LANGUAGE_STANDARD = "gnu++17";
				CLANG_ENABLE_MODULES = YES;
				CLANG_ENABLE_OBJC_ARC = YES;
				CLANG_ENABLE_OBJC_WEAK = YES;
				CLANG_WARN_BLOCK_CAPTURE_AUTORELEASING = YES;
				CLANG_WARN_BOOL_CONVERSION = YES;
				CLANG_WARN_COMMA = YES;
				CLANG_WARN_CONSTANT_CONVERSION = YES;
				CLANG_WARN_DEPRECATED_OBJC_IMPLEMENTATIONS = YES;
				CLANG_WARN_DIRECT_OBJC_ISA_USAGE = YES_ERROR;
				CLANG_WARN_DOCUMENTATION_COMMENTS = YES;
				CLANG_WARN_EMPTY_BODY = YES;
				CLANG_WARN_ENUM_CONVERSION = YES;
				CLANG_WARN_INFINITE_RECURSION = YES;
				CLANG_WARN_INT_CONVERSION = YES;
				CLANG_WARN_NON_LITERAL_NULL_CONVERSION = YES;
				CLANG_WARN_OBJC_IMPLICIT_RETAIN_SELF = YES;
				CLANG_WARN_OBJC_LITERAL_CONVERSION = YES;
				CLANG_WARN_OBJC_ROOT_CLASS = YES_ERROR;
				CLANG_WARN_QUOTED_INCLUDE_IN_FRAMEWORK_HEADER = YES;
				CLANG_WARN_RANGE_LOOP_ANALYSIS = YES;
				CLANG_WARN_STRICT_PROTOTYPES = YES;
				CLANG_WARN_SUSPICIOUS_MOVE = YES;
				CLANG_WARN_UNGUARDED_AVAILABILITY = YES_AGGRESSIVE;
				CLANG_WARN_UNREACHABLE_CODE = YES;
				CLANG_WARN__DUPLICATE_METHOD_MATCH = YES;
				COPY_PHASE_STRIP = NO;
				DEBUG_INFORMATION_FORMAT = dwarf;
				ENABLE_STRICT_OBJC_MSGSEND = YES;
				ENABLE_TESTABILITY = YES;
				GCC_C_LANGUAGE_STANDARD = gnu11;
				GCC_DYNAMIC_NO_PIC = NO;
				GCC_NO_COMMON_BLOCKS = YES;
				GCC_OPTIMIZATION_LEVEL = 0;
				GCC_PREPROCESSOR_DEFINITIONS = (
					"DEBUG=1",
					"$(inherited)",
				);
				GCC_WARN_64_TO_32_BIT_CONVERSION = YES;
				GCC_WARN_ABOUT_RETURN_TYPE = YES_ERROR;
				GCC_WARN_UNDECLARED_SELECTOR = YES;
				GCC_WARN_UNINITIALIZED_AUTOS = YES_AGGRESSIVE;
				GCC_WARN_UNUSED_FUNCTION = YES;
				GCC_WARN_UNUSED_VARIABLE = YES;
				IPHONEOS_DEPLOYMENT_TARGET = 15.4;
				MTL_ENABLE_DEBUG_INFO = INCLUDE_SOURCE;
				MTL_FAST_MATH = YES;
				ONLY_ACTIVE_ARCH = YES;
				SDKROOT = iphoneos;
				SWIFT_ACTIVE_COMPILATION_CONDITIONS = DEBUG;
				SWIFT_OPTIMIZATION_LEVEL = "-Onone";
			};
			name = Debug;
		};
		172F67D92822F185008D72C6 /* Release */ = {
			isa = XCBuildConfiguration;
			buildSettings = {
				ALWAYS_SEARCH_USER_PATHS = NO;
				CLANG_ANALYZER_NONNULL = YES;
				CLANG_ANALYZER_NUMBER_OBJECT_CONVERSION = YES_AGGRESSIVE;
				CLANG_CXX_LANGUAGE_STANDARD = "gnu++17";
				CLANG_ENABLE_MODULES = YES;
				CLANG_ENABLE_OBJC_ARC = YES;
				CLANG_ENABLE_OBJC_WEAK = YES;
				CLANG_WARN_BLOCK_CAPTURE_AUTORELEASING = YES;
				CLANG_WARN_BOOL_CONVERSION = YES;
				CLANG_WARN_COMMA = YES;
				CLANG_WARN_CONSTANT_CONVERSION = YES;
				CLANG_WARN_DEPRECATED_OBJC_IMPLEMENTATIONS = YES;
				CLANG_WARN_DIRECT_OBJC_ISA_USAGE = YES_ERROR;
				CLANG_WARN_DOCUMENTATION_COMMENTS = YES;
				CLANG_WARN_EMPTY_BODY = YES;
				CLANG_WARN_ENUM_CONVERSION = YES;
				CLANG_WARN_INFINITE_RECURSION = YES;
				CLANG_WARN_INT_CONVERSION = YES;
				CLANG_WARN_NON_LITERAL_NULL_CONVERSION = YES;
				CLANG_WARN_OBJC_IMPLICIT_RETAIN_SELF = YES;
				CLANG_WARN_OBJC_LITERAL_CONVERSION = YES;
				CLANG_WARN_OBJC_ROOT_CLASS = YES_ERROR;
				CLANG_WARN_QUOTED_INCLUDE_IN_FRAMEWORK_HEADER = YES;
				CLANG_WARN_RANGE_LOOP_ANALYSIS = YES;
				CLANG_WARN_STRICT_PROTOTYPES = YES;
				CLANG_WARN_SUSPICIOUS_MOVE = YES;
				CLANG_WARN_UNGUARDED_AVAILABILITY = YES_AGGRESSIVE;
				CLANG_WARN_UNREACHABLE_CODE = YES;
				CLANG_WARN__DUPLICATE_METHOD_MATCH = YES;
				COPY_PHASE_STRIP = NO;
				DEBUG_INFORMATION_FORMAT = "dwarf-with-dsym";
				ENABLE_NS_ASSERTIONS = NO;
				ENABLE_STRICT_OBJC_MSGSEND = YES;
				GCC_C_LANGUAGE_STANDARD = gnu11;
				GCC_NO_COMMON_BLOCKS = YES;
				GCC_WARN_64_TO_32_BIT_CONVERSION = YES;
				GCC_WARN_ABOUT_RETURN_TYPE = YES_ERROR;
				GCC_WARN_UNDECLARED_SELECTOR = YES;
				GCC_WARN_UNINITIALIZED_AUTOS = YES_AGGRESSIVE;
				GCC_WARN_UNUSED_FUNCTION = YES;
				GCC_WARN_UNUSED_VARIABLE = YES;
				IPHONEOS_DEPLOYMENT_TARGET = 15.4;
				MTL_ENABLE_DEBUG_INFO = NO;
				MTL_FAST_MATH = YES;
				SDKROOT = iphoneos;
				SWIFT_COMPILATION_MODE = wholemodule;
				SWIFT_OPTIMIZATION_LEVEL = "-O";
				VALIDATE_PRODUCT = YES;
			};
			name = Release;
		};
		172F67DB2822F185008D72C6 /* Debug */ = {
			isa = XCBuildConfiguration;
			buildSettings = {
				ASSETCATALOG_COMPILER_APPICON_NAME = AppIcon;
				ASSETCATALOG_COMPILER_GLOBAL_ACCENT_COLOR_NAME = AccentColor;
				CODE_SIGN_STYLE = Automatic;
				CURRENT_PROJECT_VERSION = 1;
				DEVELOPMENT_TEAM = PR96GXP99H;
				GENERATE_INFOPLIST_FILE = YES;
				INFOPLIST_FILE = "Final Qualifying Work/Info.plist";
				INFOPLIST_KEY_NSPhotoLibraryUsageDescription = "Please 🥺";
				INFOPLIST_KEY_UIApplicationSupportsIndirectInputEvents = YES;
				INFOPLIST_KEY_UILaunchStoryboardName = LaunchScreen;
				INFOPLIST_KEY_UIMainStoryboardFile = Main;
				INFOPLIST_KEY_UISupportedInterfaceOrientations = "";
				INFOPLIST_KEY_UISupportedInterfaceOrientations_iPad = "UIInterfaceOrientationPortrait UIInterfaceOrientationPortraitUpsideDown UIInterfaceOrientationLandscapeLeft UIInterfaceOrientationLandscapeRight";
				INFOPLIST_KEY_UISupportedInterfaceOrientations_iPhone = "UIInterfaceOrientationPortrait UIInterfaceOrientationLandscapeLeft UIInterfaceOrientationLandscapeRight";
				LD_RUNPATH_SEARCH_PATHS = (
					"$(inherited)",
					"@executable_path/Frameworks",
				);
				MARKETING_VERSION = 1.0;
				PRODUCT_BUNDLE_IDENTIFIER = "com.github-vanyabiryuk.Final-Qualifying-Work";
				PRODUCT_NAME = "$(TARGET_NAME)";
				SWIFT_EMIT_LOC_STRINGS = YES;
				SWIFT_VERSION = 5.0;
				TARGETED_DEVICE_FAMILY = "1,2";
			};
			name = Debug;
		};
		172F67DC2822F185008D72C6 /* Release */ = {
			isa = XCBuildConfiguration;
			buildSettings = {
				ASSETCATALOG_COMPILER_APPICON_NAME = AppIcon;
				ASSETCATALOG_COMPILER_GLOBAL_ACCENT_COLOR_NAME = AccentColor;
				CODE_SIGN_STYLE = Automatic;
				CURRENT_PROJECT_VERSION = 1;
				DEVELOPMENT_TEAM = PR96GXP99H;
				GENERATE_INFOPLIST_FILE = YES;
				INFOPLIST_FILE = "Final Qualifying Work/Info.plist";
				INFOPLIST_KEY_NSPhotoLibraryUsageDescription = "Please 🥺";
				INFOPLIST_KEY_UIApplicationSupportsIndirectInputEvents = YES;
				INFOPLIST_KEY_UILaunchStoryboardName = LaunchScreen;
				INFOPLIST_KEY_UIMainStoryboardFile = Main;
				INFOPLIST_KEY_UISupportedInterfaceOrientations = "";
				INFOPLIST_KEY_UISupportedInterfaceOrientations_iPad = "UIInterfaceOrientationPortrait UIInterfaceOrientationPortraitUpsideDown UIInterfaceOrientationLandscapeLeft UIInterfaceOrientationLandscapeRight";
				INFOPLIST_KEY_UISupportedInterfaceOrientations_iPhone = "UIInterfaceOrientationPortrait UIInterfaceOrientationLandscapeLeft UIInterfaceOrientationLandscapeRight";
				LD_RUNPATH_SEARCH_PATHS = (
					"$(inherited)",
					"@executable_path/Frameworks",
				);
				MARKETING_VERSION = 1.0;
				PRODUCT_BUNDLE_IDENTIFIER = "com.github-vanyabiryuk.Final-Qualifying-Work";
				PRODUCT_NAME = "$(TARGET_NAME)";
				SWIFT_EMIT_LOC_STRINGS = YES;
				SWIFT_VERSION = 5.0;
				TARGETED_DEVICE_FAMILY = "1,2";
			};
			name = Release;
		};
/* End XCBuildConfiguration section */

/* Begin XCConfigurationList section */
		172F67C12822F182008D72C6 /* Build configuration list for PBXProject "Final Qualifying Work" */ = {
			isa = XCConfigurationList;
			buildConfigurations = (
				172F67D82822F185008D72C6 /* Debug */,
				172F67D92822F185008D72C6 /* Release */,
			);
			defaultConfigurationIsVisible = 0;
			defaultConfigurationName = Release;
		};
		172F67DA2822F185008D72C6 /* Build configuration list for PBXNativeTarget "Final Qualifying Work" */ = {
			isa = XCConfigurationList;
			buildConfigurations = (
				172F67DB2822F185008D72C6 /* Debug */,
				172F67DC2822F185008D72C6 /* Release */,
			);
			defaultConfigurationIsVisible = 0;
			defaultConfigurationName = Release;
		};
/* End XCConfigurationList section */
	};
	rootObject = 172F67BE2822F182008D72C6 /* Project object */;
}
